
Microsoft Visual Studio Solution File, Format Version 12.00
# Visual Studio 15
VisualStudioVersion = 15.0.28010.2050
MinimumVisualStudioVersion = 10.0.40219.1
Project("{FAE04EC0-301F-11D3-BF4B-00C04F79EFBC}") = "Transliterator", "Transliterator\Transliterator.csproj", "{30DF0724-2338-484A-B315-1ABE875DDEF9}"
EndProject
Global
	GlobalSection(SolutionConfigurationPlatforms) = preSolution
		Debug|Any CPU = Debug|Any CPU
		Release|Any CPU = Release|Any CPU
	EndGlobalSection
	GlobalSection(ProjectConfigurationPlatforms) = postSolution
		{30DF0724-2338-484A-B315-1ABE875DDEF9}.Debug|Any CPU.ActiveCfg = Debug|Any CPU
		{30DF0724-2338-484A-B315-1ABE875DDEF9}.Debug|Any CPU.Build.0 = Debug|Any CPU
		{30DF0724-2338-484A-B315-1ABE875DDEF9}.Release|Any CPU.ActiveCfg = Release|Any CPU
		{30DF0724-2338-484A-B315-1ABE875DDEF9}.Release|Any CPU.Build.0 = Release|Any CPU
	EndGlobalSection
	GlobalSection(SolutionProperties) = preSolution
		HideSolutionNode = FALSE
	EndGlobalSection
	GlobalSection(ExtensibilityGlobals) = postSolution
		SolutionGuid = {FFA546B1-715B-4180-A7D8-38A0900D54DD}
	EndGlobalSection
EndGlobal
